
Microsoft Visual Studio Solution File, Format Version 12.00
# Visual Studio Version 16
VisualStudioVersion = 16.0.29911.84
MinimumVisualStudioVersion = 10.0.40219.1
Project("{FAE04EC0-301F-11D3-BF4B-00C04F79EFBC}") = "BaseProject", "BaseProject.csproj", "{95D35CEC-13E4-4D54-AC6D-0545C020BDFA}"
EndProject
Project("{FAE04EC0-301F-11D3-BF4B-00C04F79EFBC}") = "PluginCircle", "PluginCircle\PluginCircle.csproj", "{16E479B1-A7ED-4C94-9A97-0C7F647BB51D}"
EndProject
Project("{FAE04EC0-301F-11D3-BF4B-00C04F79EFBC}") = "PluginArc", "PluginArc\PluginArc.csproj", "{876E29AA-AE3C-4621-953A-2285509DFA69}"
EndProject
Project("{FAE04EC0-301F-11D3-BF4B-00C04F79EFBC}") = "PluginBezie", "PluginBezie\PluginBezie.csproj", "{2023B0A7-C96B-4D9D-A47B-F8808192E462}"
EndProject
Project("{FAE04EC0-301F-11D3-BF4B-00C04F79EFBC}") = "PluginPie", "PluginPie\PluginPie.csproj", "{F2205928-3EBE-4C1B-92F9-D5DF2D4E982F}"
EndProject
Project("{FAE04EC0-301F-11D3-BF4B-00C04F79EFBC}") = "PluginRectangle", "PluginRectangle\PluginRectangle.csproj", "{1436E8E7-1A6C-455E-8F41-62376E61C7EA}"
EndProject
Project("{FAE04EC0-301F-11D3-BF4B-00C04F79EFBC}") = "PluginLine", "PluginLine\PluginLine.csproj", "{95023020-D602-46E4-9119-24BD6A1B0E36}"
EndProject
Project("{FAE04EC0-301F-11D3-BF4B-00C04F79EFBC}") = "PluginArchiver", "PluginArchiver\PluginArchiver.csproj", "{29F8A511-152E-4305-96D7-173F9E142515}"
EndProject
Project("{FAE04EC0-301F-11D3-BF4B-00C04F79EFBC}") = "PartnerArchiver", "PartnerArchiver\PartnerArchiver.csproj", "{84914C84-B8BD-4029-B31C-C9AAD3193A3F}"
EndProject
Project("{FAE04EC0-301F-11D3-BF4B-00C04F79EFBC}") = "PluginBase", "PluginBase\PluginBase.csproj", "{670E96AD-BE99-44BE-98D9-795F80E5C1DD}"
EndProject
Global
	GlobalSection(SolutionConfigurationPlatforms) = preSolution
		Debug|Any CPU = Debug|Any CPU
		Debug|ARM = Debug|ARM
		Debug|ARM64 = Debug|ARM64
		Debug|x64 = Debug|x64
		Debug|x86 = Debug|x86
		Release|Any CPU = Release|Any CPU
		Release|ARM = Release|ARM
		Release|ARM64 = Release|ARM64
		Release|x64 = Release|x64
		Release|x86 = Release|x86
	EndGlobalSection
	GlobalSection(ProjectConfigurationPlatforms) = postSolution
		{95D35CEC-13E4-4D54-AC6D-0545C020BDFA}.Debug|Any CPU.ActiveCfg = Debug|Any CPU
		{95D35CEC-13E4-4D54-AC6D-0545C020BDFA}.Debug|Any CPU.Build.0 = Debug|Any CPU
		{95D35CEC-13E4-4D54-AC6D-0545C020BDFA}.Debug|ARM.ActiveCfg = Debug|Any CPU
		{95D35CEC-13E4-4D54-AC6D-0545C020BDFA}.Debug|ARM.Build.0 = Debug|Any CPU
		{95D35CEC-13E4-4D54-AC6D-0545C020BDFA}.Debug|ARM64.ActiveCfg = Debug|Any CPU
		{95D35CEC-13E4-4D54-AC6D-0545C020BDFA}.Debug|ARM64.Build.0 = Debug|Any CPU
		{95D35CEC-13E4-4D54-AC6D-0545C020BDFA}.Debug|x64.ActiveCfg = Debug|Any CPU
		{95D35CEC-13E4-4D54-AC6D-0545C020BDFA}.Debug|x64.Build.0 = Debug|Any CPU
		{95D35CEC-13E4-4D54-AC6D-0545C020BDFA}.Debug|x86.ActiveCfg = Debug|Any CPU
		{95D35CEC-13E4-4D54-AC6D-0545C020BDFA}.Debug|x86.Build.0 = Debug|Any CPU
		{95D35CEC-13E4-4D54-AC6D-0545C020BDFA}.Release|Any CPU.ActiveCfg = Release|Any CPU
		{95D35CEC-13E4-4D54-AC6D-0545C020BDFA}.Release|Any CPU.Build.0 = Release|Any CPU
		{95D35CEC-13E4-4D54-AC6D-0545C020BDFA}.Release|ARM.ActiveCfg = Release|Any CPU
		{95D35CEC-13E4-4D54-AC6D-0545C020BDFA}.Release|ARM.Build.0 = Release|Any CPU
		{95D35CEC-13E4-4D54-AC6D-0545C020BDFA}.Release|ARM64.ActiveCfg = Release|Any CPU
		{95D35CEC-13E4-4D54-AC6D-0545C020BDFA}.Release|ARM64.Build.0 = Release|Any CPU
		{95D35CEC-13E4-4D54-AC6D-0545C020BDFA}.Release|x64.ActiveCfg = Release|Any CPU
		{95D35CEC-13E4-4D54-AC6D-0545C020BDFA}.Release|x64.Build.0 = Release|Any CPU
		{95D35CEC-13E4-4D54-AC6D-0545C020BDFA}.Release|x86.ActiveCfg = Release|Any CPU
		{95D35CEC-13E4-4D54-AC6D-0545C020BDFA}.Release|x86.Build.0 = Release|Any CPU
		{16E479B1-A7ED-4C94-9A97-0C7F647BB51D}.Debug|Any CPU.ActiveCfg = Debug|Any CPU
		{16E479B1-A7ED-4C94-9A97-0C7F647BB51D}.Debug|Any CPU.Build.0 = Debug|Any CPU
		{16E479B1-A7ED-4C94-9A97-0C7F647BB51D}.Debug|ARM.ActiveCfg = Debug|Any CPU
		{16E479B1-A7ED-4C94-9A97-0C7F647BB51D}.Debug|ARM.Build.0 = Debug|Any CPU
		{16E479B1-A7ED-4C94-9A97-0C7F647BB51D}.Debug|ARM64.ActiveCfg = Debug|Any CPU
		{16E479B1-A7ED-4C94-9A97-0C7F647BB51D}.Debug|ARM64.Build.0 = Debug|Any CPU
		{16E479B1-A7ED-4C94-9A97-0C7F647BB51D}.Debug|x64.ActiveCfg = Debug|Any CPU
		{16E479B1-A7ED-4C94-9A97-0C7F647BB51D}.Debug|x64.Build.0 = Debug|Any CPU
		{16E479B1-A7ED-4C94-9A97-0C7F647BB51D}.Debug|x86.ActiveCfg = Debug|Any CPU
		{16E479B1-A7ED-4C94-9A97-0C7F647BB51D}.Debug|x86.Build.0 = Debug|Any CPU
		{16E479B1-A7ED-4C94-9A97-0C7F647BB51D}.Release|Any CPU.ActiveCfg = Release|Any CPU
		{16E479B1-A7ED-4C94-9A97-0C7F647BB51D}.Release|Any CPU.Build.0 = Release|Any CPU
		{16E479B1-A7ED-4C94-9A97-0C7F647BB51D}.Release|ARM.ActiveCfg = Release|Any CPU
		{16E479B1-A7ED-4C94-9A97-0C7F647BB51D}.Release|ARM.Build.0 = Release|Any CPU
		{16E479B1-A7ED-4C94-9A97-0C7F647BB51D}.Release|ARM64.ActiveCfg = Release|Any CPU
		{16E479B1-A7ED-4C94-9A97-0C7F647BB51D}.Release|ARM64.Build.0 = Release|Any CPU
		{16E479B1-A7ED-4C94-9A97-0C7F647BB51D}.Release|x64.ActiveCfg = Release|Any CPU
		{16E479B1-A7ED-4C94-9A97-0C7F647BB51D}.Release|x64.Build.0 = Release|Any CPU
		{16E479B1-A7ED-4C94-9A97-0C7F647BB51D}.Release|x86.ActiveCfg = Release|Any CPU
		{16E479B1-A7ED-4C94-9A97-0C7F647BB51D}.Release|x86.Build.0 = Release|Any CPU
		{876E29AA-AE3C-4621-953A-2285509DFA69}.Debug|Any CPU.ActiveCfg = Debug|Any CPU
		{876E29AA-AE3C-4621-953A-2285509DFA69}.Debug|Any CPU.Build.0 = Debug|Any CPU
		{876E29AA-AE3C-4621-953A-2285509DFA69}.Debug|ARM.ActiveCfg = Debug|Any CPU
		{876E29AA-AE3C-4621-953A-2285509DFA69}.Debug|ARM.Build.0 = Debug|Any CPU
		{876E29AA-AE3C-4621-953A-2285509DFA69}.Debug|ARM64.ActiveCfg = Debug|Any CPU
		{876E29AA-AE3C-4621-953A-2285509DFA69}.Debug|ARM64.Build.0 = Debug|Any CPU
		{876E29AA-AE3C-4621-953A-2285509DFA69}.Debug|x64.ActiveCfg = Debug|Any CPU
		{876E29AA-AE3C-4621-953A-2285509DFA69}.Debug|x64.Build.0 = Debug|Any CPU
		{876E29AA-AE3C-4621-953A-2285509DFA69}.Debug|x86.ActiveCfg = Debug|Any CPU
		{876E29AA-AE3C-4621-953A-2285509DFA69}.Debug|x86.Build.0 = Debug|Any CPU
		{876E29AA-AE3C-4621-953A-2285509DFA69}.Release|Any CPU.ActiveCfg = Release|Any CPU
		{876E29AA-AE3C-4621-953A-2285509DFA69}.Release|Any CPU.Build.0 = Release|Any CPU
		{876E29AA-AE3C-4621-953A-2285509DFA69}.Release|ARM.ActiveCfg = Release|Any CPU
		{876E29AA-AE3C-4621-953A-2285509DFA69}.Release|ARM.Build.0 = Release|Any CPU
		{876E29AA-AE3C-4621-953A-2285509DFA69}.Release|ARM64.ActiveCfg = Release|Any CPU
		{876E29AA-AE3C-4621-953A-2285509DFA69}.Release|ARM64.Build.0 = Release|Any CPU
		{876E29AA-AE3C-4621-953A-2285509DFA69}.Release|x64.ActiveCfg = Release|Any CPU
		{876E29AA-AE3C-4621-953A-2285509DFA69}.Release|x64.Build.0 = Release|Any CPU
		{876E29AA-AE3C-4621-953A-2285509DFA69}.Release|x86.ActiveCfg = Release|Any CPU
		{876E29AA-AE3C-4621-953A-2285509DFA69}.Release|x86.Build.0 = Release|Any CPU
		{2023B0A7-C96B-4D9D-A47B-F8808192E462}.Debug|Any CPU.ActiveCfg = Debug|Any CPU
		{2023B0A7-C96B-4D9D-A47B-F8808192E462}.Debug|Any CPU.Build.0 = Debug|Any CPU
		{2023B0A7-C96B-4D9D-A47B-F8808192E462}.Debug|ARM.ActiveCfg = Debug|Any CPU
		{2023B0A7-C96B-4D9D-A47B-F8808192E462}.Debug|ARM.Build.0 = Debug|Any CPU
		{2023B0A7-C96B-4D9D-A47B-F8808192E462}.Debug|ARM64.ActiveCfg = Debug|Any CPU
		{2023B0A7-C96B-4D9D-A47B-F8808192E462}.Debug|ARM64.Build.0 = Debug|Any CPU
		{2023B0A7-C96B-4D9D-A47B-F8808192E462}.Debug|x64.ActiveCfg = Debug|Any CPU
		{2023B0A7-C96B-4D9D-A47B-F8808192E462}.Debug|x64.Build.0 = Debug|Any CPU
		{2023B0A7-C96B-4D9D-A47B-F8808192E462}.Debug|x86.ActiveCfg = Debug|Any CPU
		{2023B0A7-C96B-4D9D-A47B-F8808192E462}.Debug|x86.Build.0 = Debug|Any CPU
		{2023B0A7-C96B-4D9D-A47B-F8808192E462}.Release|Any CPU.ActiveCfg = Release|Any CPU
		{2023B0A7-C96B-4D9D-A47B-F8808192E462}.Release|Any CPU.Build.0 = Release|Any CPU
		{2023B0A7-C96B-4D9D-A47B-F8808192E462}.Release|ARM.ActiveCfg = Release|Any CPU
		{2023B0A7-C96B-4D9D-A47B-F8808192E462}.Release|ARM.Build.0 = Release|Any CPU
		{2023B0A7-C96B-4D9D-A47B-F8808192E462}.Release|ARM64.ActiveCfg = Release|Any CPU
		{2023B0A7-C96B-4D9D-A47B-F8808192E462}.Release|ARM64.Build.0 = Release|Any CPU
		{2023B0A7-C96B-4D9D-A47B-F8808192E462}.Release|x64.ActiveCfg = Release|Any CPU
		{2023B0A7-C96B-4D9D-A47B-F8808192E462}.Release|x64.Build.0 = Release|Any CPU
		{2023B0A7-C96B-4D9D-A47B-F8808192E462}.Release|x86.ActiveCfg = Release|Any CPU
		{2023B0A7-C96B-4D9D-A47B-F8808192E462}.Release|x86.Build.0 = Release|Any CPU
		{F2205928-3EBE-4C1B-92F9-D5DF2D4E982F}.Debug|Any CPU.ActiveCfg = Debug|Any CPU
		{F2205928-3EBE-4C1B-92F9-D5DF2D4E982F}.Debug|Any CPU.Build.0 = Debug|Any CPU
		{F2205928-3EBE-4C1B-92F9-D5DF2D4E982F}.Debug|ARM.ActiveCfg = Debug|Any CPU
		{F2205928-3EBE-4C1B-92F9-D5DF2D4E982F}.Debug|ARM.Build.0 = Debug|Any CPU
		{F2205928-3EBE-4C1B-92F9-D5DF2D4E982F}.Debug|ARM64.ActiveCfg = Debug|Any CPU
		{F2205928-3EBE-4C1B-92F9-D5DF2D4E982F}.Debug|ARM64.Build.0 = Debug|Any CPU
		{F2205928-3EBE-4C1B-92F9-D5DF2D4E982F}.Debug|x64.ActiveCfg = Debug|Any CPU
		{F2205928-3EBE-4C1B-92F9-D5DF2D4E982F}.Debug|x64.Build.0 = Debug|Any CPU
		{F2205928-3EBE-4C1B-92F9-D5DF2D4E982F}.Debug|x86.ActiveCfg = Debug|Any CPU
		{F2205928-3EBE-4C1B-92F9-D5DF2D4E982F}.Debug|x86.Build.0 = Debug|Any CPU
		{F2205928-3EBE-4C1B-92F9-D5DF2D4E982F}.Release|Any CPU.ActiveCfg = Release|Any CPU
		{F2205928-3EBE-4C1B-92F9-D5DF2D4E982F}.Release|Any CPU.Build.0 = Release|Any CPU
		{F2205928-3EBE-4C1B-92F9-D5DF2D4E982F}.Release|ARM.ActiveCfg = Release|Any CPU
		{F2205928-3EBE-4C1B-92F9-D5DF2D4E982F}.Release|ARM.Build.0 = Release|Any CPU
		{F2205928-3EBE-4C1B-92F9-D5DF2D4E982F}.Release|ARM64.ActiveCfg = Release|Any CPU
		{F2205928-3EBE-4C1B-92F9-D5DF2D4E982F}.Release|ARM64.Build.0 = Release|Any CPU
		{F2205928-3EBE-4C1B-92F9-D5DF2D4E982F}.Release|x64.ActiveCfg = Release|Any CPU
		{F2205928-3EBE-4C1B-92F9-D5DF2D4E982F}.Release|x64.Build.0 = Release|Any CPU
		{F2205928-3EBE-4C1B-92F9-D5DF2D4E982F}.Release|x86.ActiveCfg = Release|Any CPU
		{F2205928-3EBE-4C1B-92F9-D5DF2D4E982F}.Release|x86.Build.0 = Release|Any CPU
		{1436E8E7-1A6C-455E-8F41-62376E61C7EA}.Debug|Any CPU.ActiveCfg = Debug|Any CPU
		{1436E8E7-1A6C-455E-8F41-62376E61C7EA}.Debug|Any CPU.Build.0 = Debug|Any CPU
		{1436E8E7-1A6C-455E-8F41-62376E61C7EA}.Debug|ARM.ActiveCfg = Debug|Any CPU
		{1436E8E7-1A6C-455E-8F41-62376E61C7EA}.Debug|ARM.Build.0 = Debug|Any CPU
		{1436E8E7-1A6C-455E-8F41-62376E61C7EA}.Debug|ARM64.ActiveCfg = Debug|Any CPU
		{1436E8E7-1A6C-455E-8F41-62376E61C7EA}.Debug|ARM64.Build.0 = Debug|Any CPU
		{1436E8E7-1A6C-455E-8F41-62376E61C7EA}.Debug|x64.ActiveCfg = Debug|Any CPU
		{1436E8E7-1A6C-455E-8F41-62376E61C7EA}.Debug|x64.Build.0 = Debug|Any CPU
		{1436E8E7-1A6C-455E-8F41-62376E61C7EA}.Debug|x86.ActiveCfg = Debug|Any CPU
		{1436E8E7-1A6C-455E-8F41-62376E61C7EA}.Debug|x86.Build.0 = Debug|Any CPU
		{1436E8E7-1A6C-455E-8F41-62376E61C7EA}.Release|Any CPU.ActiveCfg = Release|Any CPU
		{1436E8E7-1A6C-455E-8F41-62376E61C7EA}.Release|Any CPU.Build.0 = Release|Any CPU
		{1436E8E7-1A6C-455E-8F41-62376E61C7EA}.Release|ARM.ActiveCfg = Release|Any CPU
		{1436E8E7-1A6C-455E-8F41-62376E61C7EA}.Release|ARM.Build.0 = Release|Any CPU
		{1436E8E7-1A6C-455E-8F41-62376E61C7EA}.Release|ARM64.ActiveCfg = Release|Any CPU
		{1436E8E7-1A6C-455E-8F41-62376E61C7EA}.Release|ARM64.Build.0 = Release|Any CPU
		{1436E8E7-1A6C-455E-8F41-62376E61C7EA}.Release|x64.ActiveCfg = Release|Any CPU
		{1436E8E7-1A6C-455E-8F41-62376E61C7EA}.Release|x64.Build.0 = Release|Any CPU
		{1436E8E7-1A6C-455E-8F41-62376E61C7EA}.Release|x86.ActiveCfg = Release|Any CPU
		{1436E8E7-1A6C-455E-8F41-62376E61C7EA}.Release|x86.Build.0 = Release|Any CPU
		{95023020-D602-46E4-9119-24BD6A1B0E36}.Debug|Any CPU.ActiveCfg = Debug|Any CPU
		{95023020-D602-46E4-9119-24BD6A1B0E36}.Debug|Any CPU.Build.0 = Debug|Any CPU
		{95023020-D602-46E4-9119-24BD6A1B0E36}.Debug|ARM.ActiveCfg = Debug|Any CPU
		{95023020-D602-46E4-9119-24BD6A1B0E36}.Debug|ARM.Build.0 = Debug|Any CPU
		{95023020-D602-46E4-9119-24BD6A1B0E36}.Debug|ARM64.ActiveCfg = Debug|Any CPU
		{95023020-D602-46E4-9119-24BD6A1B0E36}.Debug|ARM64.Build.0 = Debug|Any CPU
		{95023020-D602-46E4-9119-24BD6A1B0E36}.Debug|x64.ActiveCfg = Debug|Any CPU
		{95023020-D602-46E4-9119-24BD6A1B0E36}.Debug|x64.Build.0 = Debug|Any CPU
		{95023020-D602-46E4-9119-24BD6A1B0E36}.Debug|x86.ActiveCfg = Debug|Any CPU
		{95023020-D602-46E4-9119-24BD6A1B0E36}.Debug|x86.Build.0 = Debug|Any CPU
		{95023020-D602-46E4-9119-24BD6A1B0E36}.Release|Any CPU.ActiveCfg = Release|Any CPU
		{95023020-D602-46E4-9119-24BD6A1B0E36}.Release|Any CPU.Build.0 = Release|Any CPU
		{95023020-D602-46E4-9119-24BD6A1B0E36}.Release|ARM.ActiveCfg = Release|Any CPU
		{95023020-D602-46E4-9119-24BD6A1B0E36}.Release|ARM.Build.0 = Release|Any CPU
		{95023020-D602-46E4-9119-24BD6A1B0E36}.Release|ARM64.ActiveCfg = Release|Any CPU
		{95023020-D602-46E4-9119-24BD6A1B0E36}.Release|ARM64.Build.0 = Release|Any CPU
		{95023020-D602-46E4-9119-24BD6A1B0E36}.Release|x64.ActiveCfg = Release|Any CPU
		{95023020-D602-46E4-9119-24BD6A1B0E36}.Release|x64.Build.0 = Release|Any CPU
		{95023020-D602-46E4-9119-24BD6A1B0E36}.Release|x86.ActiveCfg = Release|Any CPU
		{95023020-D602-46E4-9119-24BD6A1B0E36}.Release|x86.Build.0 = Release|Any CPU
		{29F8A511-152E-4305-96D7-173F9E142515}.Debug|Any CPU.ActiveCfg = Debug|Any CPU
		{29F8A511-152E-4305-96D7-173F9E142515}.Debug|Any CPU.Build.0 = Debug|Any CPU
		{29F8A511-152E-4305-96D7-173F9E142515}.Debug|ARM.ActiveCfg = Debug|Any CPU
		{29F8A511-152E-4305-96D7-173F9E142515}.Debug|ARM.Build.0 = Debug|Any CPU
		{29F8A511-152E-4305-96D7-173F9E142515}.Debug|ARM64.ActiveCfg = Debug|Any CPU
		{29F8A511-152E-4305-96D7-173F9E142515}.Debug|ARM64.Build.0 = Debug|Any CPU
		{29F8A511-152E-4305-96D7-173F9E142515}.Debug|x64.ActiveCfg = Debug|Any CPU
		{29F8A511-152E-4305-96D7-173F9E142515}.Debug|x64.Build.0 = Debug|Any CPU
		{29F8A511-152E-4305-96D7-173F9E142515}.Debug|x86.ActiveCfg = Debug|Any CPU
		{29F8A511-152E-4305-96D7-173F9E142515}.Debug|x86.Build.0 = Debug|Any CPU
		{29F8A511-152E-4305-96D7-173F9E142515}.Release|Any CPU.ActiveCfg = Release|Any CPU
		{29F8A511-152E-4305-96D7-173F9E142515}.Release|Any CPU.Build.0 = Release|Any CPU
		{29F8A511-152E-4305-96D7-173F9E142515}.Release|ARM.ActiveCfg = Release|Any CPU
		{29F8A511-152E-4305-96D7-173F9E142515}.Release|ARM.Build.0 = Release|Any CPU
		{29F8A511-152E-4305-96D7-173F9E142515}.Release|ARM64.ActiveCfg = Release|Any CPU
		{29F8A511-152E-4305-96D7-173F9E142515}.Release|ARM64.Build.0 = Release|Any CPU
		{29F8A511-152E-4305-96D7-173F9E142515}.Release|x64.ActiveCfg = Release|Any CPU
		{29F8A511-152E-4305-96D7-173F9E142515}.Release|x64.Build.0 = Release|Any CPU
		{29F8A511-152E-4305-96D7-173F9E142515}.Release|x86.ActiveCfg = Release|Any CPU
		{29F8A511-152E-4305-96D7-173F9E142515}.Release|x86.Build.0 = Release|Any CPU
		{84914C84-B8BD-4029-B31C-C9AAD3193A3F}.Debug|Any CPU.ActiveCfg = Debug|Any CPU
		{84914C84-B8BD-4029-B31C-C9AAD3193A3F}.Debug|Any CPU.Build.0 = Debug|Any CPU
		{84914C84-B8BD-4029-B31C-C9AAD3193A3F}.Debug|ARM.ActiveCfg = Debug|Any CPU
		{84914C84-B8BD-4029-B31C-C9AAD3193A3F}.Debug|ARM.Build.0 = Debug|Any CPU
		{84914C84-B8BD-4029-B31C-C9AAD3193A3F}.Debug|ARM64.ActiveCfg = Debug|Any CPU
		{84914C84-B8BD-4029-B31C-C9AAD3193A3F}.Debug|ARM64.Build.0 = Debug|Any CPU
		{84914C84-B8BD-4029-B31C-C9AAD3193A3F}.Debug|x64.ActiveCfg = Debug|Any CPU
		{84914C84-B8BD-4029-B31C-C9AAD3193A3F}.Debug|x64.Build.0 = Debug|Any CPU
		{84914C84-B8BD-4029-B31C-C9AAD3193A3F}.Debug|x86.ActiveCfg = Debug|Any CPU
		{84914C84-B8BD-4029-B31C-C9AAD3193A3F}.Debug|x86.Build.0 = Debug|Any CPU
		{84914C84-B8BD-4029-B31C-C9AAD3193A3F}.Release|Any CPU.ActiveCfg = Release|Any CPU
		{84914C84-B8BD-4029-B31C-C9AAD3193A3F}.Release|Any CPU.Build.0 = Release|Any CPU
		{84914C84-B8BD-4029-B31C-C9AAD3193A3F}.Release|ARM.ActiveCfg = Release|Any CPU
		{84914C84-B8BD-4029-B31C-C9AAD3193A3F}.Release|ARM.Build.0 = Release|Any CPU
		{84914C84-B8BD-4029-B31C-C9AAD3193A3F}.Release|ARM64.ActiveCfg = Release|Any CPU
		{84914C84-B8BD-4029-B31C-C9AAD3193A3F}.Release|ARM64.Build.0 = Release|Any CPU
		{84914C84-B8BD-4029-B31C-C9AAD3193A3F}.Release|x64.ActiveCfg = Release|Any CPU
		{84914C84-B8BD-4029-B31C-C9AAD3193A3F}.Release|x64.Build.0 = Release|Any CPU
		{84914C84-B8BD-4029-B31C-C9AAD3193A3F}.Release|x86.ActiveCfg = Release|Any CPU
		{84914C84-B8BD-4029-B31C-C9AAD3193A3F}.Release|x86.Build.0 = Release|Any CPU
		{670E96AD-BE99-44BE-98D9-795F80E5C1DD}.Debug|Any CPU.ActiveCfg = Debug|Any CPU
		{670E96AD-BE99-44BE-98D9-795F80E5C1DD}.Debug|Any CPU.Build.0 = Debug|Any CPU
		{670E96AD-BE99-44BE-98D9-795F80E5C1DD}.Debug|ARM.ActiveCfg = Debug|Any CPU
		{670E96AD-BE99-44BE-98D9-795F80E5C1DD}.Debug|ARM.Build.0 = Debug|Any CPU
		{670E96AD-BE99-44BE-98D9-795F80E5C1DD}.Debug|ARM64.ActiveCfg = Debug|Any CPU
		{670E96AD-BE99-44BE-98D9-795F80E5C1DD}.Debug|ARM64.Build.0 = Debug|Any CPU
		{670E96AD-BE99-44BE-98D9-795F80E5C1DD}.Debug|x64.ActiveCfg = Debug|Any CPU
		{670E96AD-BE99-44BE-98D9-795F80E5C1DD}.Debug|x64.Build.0 = Debug|Any CPU
		{670E96AD-BE99-44BE-98D9-795F80E5C1DD}.Debug|x86.ActiveCfg = Debug|Any CPU
		{670E96AD-BE99-44BE-98D9-795F80E5C1DD}.Debug|x86.Build.0 = Debug|Any CPU
		{670E96AD-BE99-44BE-98D9-795F80E5C1DD}.Release|Any CPU.ActiveCfg = Release|Any CPU
		{670E96AD-BE99-44BE-98D9-795F80E5C1DD}.Release|Any CPU.Build.0 = Release|Any CPU
		{670E96AD-BE99-44BE-98D9-795F80E5C1DD}.Release|ARM.ActiveCfg = Release|Any CPU
		{670E96AD-BE99-44BE-98D9-795F80E5C1DD}.Release|ARM.Build.0 = Release|Any CPU
		{670E96AD-BE99-44BE-98D9-795F80E5C1DD}.Release|ARM64.ActiveCfg = Release|Any CPU
		{670E96AD-BE99-44BE-98D9-795F80E5C1DD}.Release|ARM64.Build.0 = Release|Any CPU
		{670E96AD-BE99-44BE-98D9-795F80E5C1DD}.Release|x64.ActiveCfg = Release|Any CPU
		{670E96AD-BE99-44BE-98D9-795F80E5C1DD}.Release|x64.Build.0 = Release|Any CPU
		{670E96AD-BE99-44BE-98D9-795F80E5C1DD}.Release|x86.ActiveCfg = Release|Any CPU
		{670E96AD-BE99-44BE-98D9-795F80E5C1DD}.Release|x86.Build.0 = Release|Any CPU
	EndGlobalSection
	GlobalSection(SolutionProperties) = preSolution
		HideSolutionNode = FALSE
	EndGlobalSection
	GlobalSection(ExtensibilityGlobals) = postSolution
		SolutionGuid = {3DD4E1BC-7F62-447B-BD4F-162A8560BD34}
	EndGlobalSection
EndGlobal
